
Microsoft Visual Studio Solution File, Format Version 12.00
# Visual Studio Version 17
VisualStudioVersion = 17.6.33723.286
MinimumVisualStudioVersion = 10.0.40219.1
Project("{FAE04EC0-301F-11D3-BF4B-00C04F79EFBC}") = "Текстровый редактор", "Текстровый редактор\Текстровый редактор.csproj", "{B5259B3B-9F00-43F4-A15F-A176AE8EC3CC}"
EndProject
Global
	GlobalSection(SolutionConfigurationPlatforms) = preSolution
		Debug|Any CPU = Debug|Any CPU
		Release|Any CPU = Release|Any CPU
	EndGlobalSection
	GlobalSection(ProjectConfigurationPlatforms) = postSolution
		{B5259B3B-9F00-43F4-A15F-A176AE8EC3CC}.Debug|Any CPU.ActiveCfg = Debug|Any CPU
		{B5259B3B-9F00-43F4-A15F-A176AE8EC3CC}.Debug|Any CPU.Build.0 = Debug|Any CPU
		{B5259B3B-9F00-43F4-A15F-A176AE8EC3CC}.Release|Any CPU.ActiveCfg = Release|Any CPU
		{B5259B3B-9F00-43F4-A15F-A176AE8EC3CC}.Release|Any CPU.Build.0 = Release|Any CPU
	EndGlobalSection
	GlobalSection(SolutionProperties) = preSolution
		HideSolutionNode = FALSE
	EndGlobalSection
	GlobalSection(ExtensibilityGlobals) = postSolution
		SolutionGuid = {033F8076-3BF7-4E08-899C-ED728748B170}
	EndGlobalSection
EndGlobal
